
Microsoft Visual Studio Solution File, Format Version 12.00
# Visual Studio 2012
Project("{FAE04EC0-301F-11D3-BF4B-00C04F79EFBC}") = "WexMultiAcessManagerProject", "WexMultiAcessManagerProject\WexMultiAcessManagerProject.csproj", "{4557ECA4-C6CF-477D-ADE9-AC20E338006E}"
	ProjectSection(ProjectDependencies) = postProject
		{95D4AE75-01CF-443A-9767-E4E765AD60D1} = {95D4AE75-01CF-443A-9767-E4E765AD60D1}
		{1936C8E5-0ABA-4B76-84D7-E7FFE24F3F79} = {1936C8E5-0ABA-4B76-84D7-E7FFE24F3F79}
	EndProjectSection
EndProject
Project("{FAE04EC0-301F-11D3-BF4B-00C04F79EFBC}") = "WexProject.MultiAccess.Library", "..\..\WexProject\WexProject.MultiAccess.Library\WexProject.MultiAccess.Library.csproj", "{95D4AE75-01CF-443A-9767-E4E765AD60D1}"
EndProject
Project("{FAE04EC0-301F-11D3-BF4B-00C04F79EFBC}") = "WexProject.Library", "..\..\WexProject\WexProject.Library\WexProject.Library.csproj", "{1936C8E5-0ABA-4B76-84D7-E7FFE24F3F79}"
EndProject
Global
	GlobalSection(SolutionConfigurationPlatforms) = preSolution
		Debug|Any CPU = Debug|Any CPU
		Debug|Mixed Platforms = Debug|Mixed Platforms
		Debug|x86 = Debug|x86
		Release|Any CPU = Release|Any CPU
		Release|Mixed Platforms = Release|Mixed Platforms
		Release|x86 = Release|x86
	EndGlobalSection
	GlobalSection(ProjectConfigurationPlatforms) = postSolution
		{4557ECA4-C6CF-477D-ADE9-AC20E338006E}.Debug|Any CPU.ActiveCfg = Debug|x86
		{4557ECA4-C6CF-477D-ADE9-AC20E338006E}.Debug|Any CPU.Build.0 = Debug|x86
		{4557ECA4-C6CF-477D-ADE9-AC20E338006E}.Debug|Any CPU.Deploy.0 = Debug|x86
		{4557ECA4-C6CF-477D-ADE9-AC20E338006E}.Debug|Mixed Platforms.ActiveCfg = Debug|x86
		{4557ECA4-C6CF-477D-ADE9-AC20E338006E}.Debug|Mixed Platforms.Build.0 = Debug|x86
		{4557ECA4-C6CF-477D-ADE9-AC20E338006E}.Debug|x86.ActiveCfg = Debug|x86
		{4557ECA4-C6CF-477D-ADE9-AC20E338006E}.Debug|x86.Build.0 = Debug|x86
		{4557ECA4-C6CF-477D-ADE9-AC20E338006E}.Release|Any CPU.ActiveCfg = Release|x86
		{4557ECA4-C6CF-477D-ADE9-AC20E338006E}.Release|Mixed Platforms.ActiveCfg = Release|x86
		{4557ECA4-C6CF-477D-ADE9-AC20E338006E}.Release|Mixed Platforms.Build.0 = Release|x86
		{4557ECA4-C6CF-477D-ADE9-AC20E338006E}.Release|x86.ActiveCfg = Release|x86
		{4557ECA4-C6CF-477D-ADE9-AC20E338006E}.Release|x86.Build.0 = Release|x86
		{95D4AE75-01CF-443A-9767-E4E765AD60D1}.Debug|Any CPU.ActiveCfg = Debug|Any CPU
		{95D4AE75-01CF-443A-9767-E4E765AD60D1}.Debug|Any CPU.Build.0 = Debug|Any CPU
		{95D4AE75-01CF-443A-9767-E4E765AD60D1}.Debug|Mixed Platforms.ActiveCfg = Debug|Any CPU
		{95D4AE75-01CF-443A-9767-E4E765AD60D1}.Debug|Mixed Platforms.Build.0 = Debug|Any CPU
		{95D4AE75-01CF-443A-9767-E4E765AD60D1}.Debug|x86.ActiveCfg = Debug|Any CPU
		{95D4AE75-01CF-443A-9767-E4E765AD60D1}.Release|Any CPU.ActiveCfg = Release|Any CPU
		{95D4AE75-01CF-443A-9767-E4E765AD60D1}.Release|Any CPU.Build.0 = Release|Any CPU
		{95D4AE75-01CF-443A-9767-E4E765AD60D1}.Release|Mixed Platforms.ActiveCfg = Release|Any CPU
		{95D4AE75-01CF-443A-9767-E4E765AD60D1}.Release|Mixed Platforms.Build.0 = Release|Any CPU
		{95D4AE75-01CF-443A-9767-E4E765AD60D1}.Release|x86.ActiveCfg = Release|Any CPU
		{1936C8E5-0ABA-4B76-84D7-E7FFE24F3F79}.Debug|Any CPU.ActiveCfg = Debug|Any CPU
		{1936C8E5-0ABA-4B76-84D7-E7FFE24F3F79}.Debug|Any CPU.Build.0 = Debug|Any CPU
		{1936C8E5-0ABA-4B76-84D7-E7FFE24F3F79}.Debug|Mixed Platforms.ActiveCfg = Debug|Any CPU
		{1936C8E5-0ABA-4B76-84D7-E7FFE24F3F79}.Debug|Mixed Platforms.Build.0 = Debug|Any CPU
		{1936C8E5-0ABA-4B76-84D7-E7FFE24F3F79}.Debug|x86.ActiveCfg = Debug|Any CPU
		{1936C8E5-0ABA-4B76-84D7-E7FFE24F3F79}.Release|Any CPU.ActiveCfg = Release|Any CPU
		{1936C8E5-0ABA-4B76-84D7-E7FFE24F3F79}.Release|Any CPU.Build.0 = Release|Any CPU
		{1936C8E5-0ABA-4B76-84D7-E7FFE24F3F79}.Release|Mixed Platforms.ActiveCfg = Release|Any CPU
		{1936C8E5-0ABA-4B76-84D7-E7FFE24F3F79}.Release|Mixed Platforms.Build.0 = Release|Any CPU
		{1936C8E5-0ABA-4B76-84D7-E7FFE24F3F79}.Release|x86.ActiveCfg = Release|Any CPU
	EndGlobalSection
	GlobalSection(SolutionProperties) = preSolution
		HideSolutionNode = FALSE
	EndGlobalSection
EndGlobal
