
Microsoft Visual Studio Solution File, Format Version 12.00
# Visual Studio 2012
Project("{2150E333-8FDC-42A3-9474-1A3956D46DE8}") = "Solution Items", "Solution Items", "{44A042CC-8EFB-449F-85D4-74E0B82B3DDC}"
	ProjectSection(SolutionItems) = preProject
		Local.testsettings = Local.testsettings
		TraceAndTestImpact.testsettings = TraceAndTestImpact.testsettings
		WexProject.Xaf5.vsmdi = WexProject.Xaf5.vsmdi
	EndProjectSection
EndProject
Project("{FAE04EC0-301F-11D3-BF4B-00C04F79EFBC}") = "WexProject.Module", "WexProject.Module\WexProject.Module.csproj", "{371113D6-9B54-40D8-A363-4F360DF6968F}"
EndProject
Project("{FAE04EC0-301F-11D3-BF4B-00C04F79EFBC}") = "WexProject.Module.Web", "WexProject.Module.Web\WexProject.Module.Web.csproj", "{1C41BCB6-6A2A-4643-B8B8-6CE772AA3AD2}"
EndProject
Project("{FAE04EC0-301F-11D3-BF4B-00C04F79EFBC}") = "WexProject.Web", "WexProject.Web\WexProject.Web.csproj", "{39DA9514-FCE5-48F4-8DC6-F898CCC85379}"
EndProject
Project("{FAE04EC0-301F-11D3-BF4B-00C04F79EFBC}") = "WexProject.Module.Win", "WexProject.Module.Win\WexProject.Module.Win.csproj", "{CAC84FDE-849B-4525-8A73-76CA3A7699D2}"
EndProject
Project("{FAE04EC0-301F-11D3-BF4B-00C04F79EFBC}") = "WexProject.Win", "WexProject.Win\WexProject.Win.csproj", "{3AC3FDD6-CEA9-464F-8EE7-1E70F99DFE90}"
EndProject
Project("{FAE04EC0-301F-11D3-BF4B-00C04F79EFBC}") = "WexProject.Schedule.Library", "WexProject.Schedule.Library\WexProject.Schedule.Library.csproj", "{54F15076-3C1D-4923-A5C7-5E947E5AC003}"
EndProject
Project("{2150E333-8FDC-42A3-9474-1A3956D46DE8}") = "Solution Items (2)", "Solution Items (2)", "{83E7E62A-A6DE-4353-B54C-2DBE6C9000D9}"
	ProjectSection(SolutionItems) = preProject
		Local.testsettings = Local.testsettings
		TraceAndTestImpact.testsettings = TraceAndTestImpact.testsettings
		WexProject2.vsmdi = WexProject2.vsmdi
	EndProjectSection
EndProject
Project("{FAE04EC0-301F-11D3-BF4B-00C04F79EFBC}") = "WexProject.MultiAccess.Library", "WexProject.MultiAccess.Library\WexProject.MultiAccess.Library.csproj", "{95D4AE75-01CF-443A-9767-E4E765AD60D1}"
EndProject
Project("{FAE04EC0-301F-11D3-BF4B-00C04F79EFBC}") = "WexProject.Test", "WexProject.Test\WexProject.Test.csproj", "{1CA5E854-CFDB-444C-B732-D7877AEF161D}"
EndProject
Project("{FAE04EC0-301F-11D3-BF4B-00C04F79EFBC}") = "WexProject.BLL", "WexProject.BLL\WexProject.BLL.csproj", "{5A81A9A4-AF19-4479-805B-E33BC4DE8C99}"
EndProject
Project("{FAE04EC0-301F-11D3-BF4B-00C04F79EFBC}") = "WexProject.BLL.Shared", "WexProject.BLL.Shared\WexProject.BLL.Shared.csproj", "{F89450B3-825B-400E-A83C-DA21A6391867}"
EndProject
Project("{FAE04EC0-301F-11D3-BF4B-00C04F79EFBC}") = "WexProject.Library", "WexProject.Library\WexProject.Library.csproj", "{1936C8E5-0ABA-4B76-84D7-E7FFE24F3F79}"
EndProject
Project("{FAE04EC0-301F-11D3-BF4B-00C04F79EFBC}") = "WexProject.Schedule.Test", "WexProject.Schedule.Test\WexProject.Schedule.Test.csproj", "{1A163A64-09C1-4073-BA5A-EAE175203704}"
EndProject
Project("{FAE04EC0-301F-11D3-BF4B-00C04F79EFBC}") = "WexProject.Schedule.Win", "WexProject.Schedule.Win\WexProject.Schedule.Win.csproj", "{D319863F-AF49-42E4-B8B0-D54FD1EFE527}"
EndProject
Project("{FAE04EC0-301F-11D3-BF4B-00C04F79EFBC}") = "WexProject.Externo.Totvs", "WexProject.Externo.Totvs\WexProject.Externo.Totvs.csproj", "{713C739C-E8C6-4A0F-BE74-200B113BEAFA}"
EndProject
Project("{FAE04EC0-301F-11D3-BF4B-00C04F79EFBC}") = "WexProject.HttpViews", "WexProject.HttpViews\WexProject.HttpViews.csproj", "{7F5DB605-38C2-4F11-8FFA-5B6BAB1F309C}"
EndProject
Global
	GlobalSection(TestCaseManagementSettings) = postSolution
		CategoryFile = WexProject2.vsmdi
	EndGlobalSection
	GlobalSection(SolutionConfigurationPlatforms) = preSolution
		Debug|Any CPU = Debug|Any CPU
		Debug|Itanium = Debug|Itanium
		Debug|Mixed Platforms = Debug|Mixed Platforms
		Debug|x86 = Debug|x86
		EasyTest|Any CPU = EasyTest|Any CPU
		EasyTest|Itanium = EasyTest|Itanium
		EasyTest|Mixed Platforms = EasyTest|Mixed Platforms
		EasyTest|x86 = EasyTest|x86
		Release|Any CPU = Release|Any CPU
		Release|Itanium = Release|Itanium
		Release|Mixed Platforms = Release|Mixed Platforms
		Release|x86 = Release|x86
	EndGlobalSection
	GlobalSection(ProjectConfigurationPlatforms) = postSolution
		{371113D6-9B54-40D8-A363-4F360DF6968F}.Debug|Any CPU.ActiveCfg = Debug|Any CPU
		{371113D6-9B54-40D8-A363-4F360DF6968F}.Debug|Any CPU.Build.0 = Debug|Any CPU
		{371113D6-9B54-40D8-A363-4F360DF6968F}.Debug|Itanium.ActiveCfg = Debug|Any CPU
		{371113D6-9B54-40D8-A363-4F360DF6968F}.Debug|Mixed Platforms.ActiveCfg = Debug|Any CPU
		{371113D6-9B54-40D8-A363-4F360DF6968F}.Debug|Mixed Platforms.Build.0 = Debug|Any CPU
		{371113D6-9B54-40D8-A363-4F360DF6968F}.Debug|x86.ActiveCfg = Debug|Any CPU
		{371113D6-9B54-40D8-A363-4F360DF6968F}.EasyTest|Any CPU.ActiveCfg = EasyTest|Any CPU
		{371113D6-9B54-40D8-A363-4F360DF6968F}.EasyTest|Any CPU.Build.0 = EasyTest|Any CPU
		{371113D6-9B54-40D8-A363-4F360DF6968F}.EasyTest|Itanium.ActiveCfg = EasyTest|Any CPU
		{371113D6-9B54-40D8-A363-4F360DF6968F}.EasyTest|Mixed Platforms.ActiveCfg = EasyTest|Any CPU
		{371113D6-9B54-40D8-A363-4F360DF6968F}.EasyTest|Mixed Platforms.Build.0 = EasyTest|Any CPU
		{371113D6-9B54-40D8-A363-4F360DF6968F}.EasyTest|x86.ActiveCfg = EasyTest|Any CPU
		{371113D6-9B54-40D8-A363-4F360DF6968F}.Release|Any CPU.ActiveCfg = Release|Any CPU
		{371113D6-9B54-40D8-A363-4F360DF6968F}.Release|Any CPU.Build.0 = Release|Any CPU
		{371113D6-9B54-40D8-A363-4F360DF6968F}.Release|Itanium.ActiveCfg = Release|Any CPU
		{371113D6-9B54-40D8-A363-4F360DF6968F}.Release|Mixed Platforms.ActiveCfg = Release|Any CPU
		{371113D6-9B54-40D8-A363-4F360DF6968F}.Release|Mixed Platforms.Build.0 = Release|Any CPU
		{371113D6-9B54-40D8-A363-4F360DF6968F}.Release|x86.ActiveCfg = Release|Any CPU
		{1C41BCB6-6A2A-4643-B8B8-6CE772AA3AD2}.Debug|Any CPU.ActiveCfg = Debug|Any CPU
		{1C41BCB6-6A2A-4643-B8B8-6CE772AA3AD2}.Debug|Any CPU.Build.0 = Debug|Any CPU
		{1C41BCB6-6A2A-4643-B8B8-6CE772AA3AD2}.Debug|Itanium.ActiveCfg = Debug|Any CPU
		{1C41BCB6-6A2A-4643-B8B8-6CE772AA3AD2}.Debug|Mixed Platforms.ActiveCfg = Debug|Any CPU
		{1C41BCB6-6A2A-4643-B8B8-6CE772AA3AD2}.Debug|Mixed Platforms.Build.0 = Debug|Any CPU
		{1C41BCB6-6A2A-4643-B8B8-6CE772AA3AD2}.Debug|x86.ActiveCfg = Debug|Any CPU
		{1C41BCB6-6A2A-4643-B8B8-6CE772AA3AD2}.EasyTest|Any CPU.ActiveCfg = EasyTest|Any CPU
		{1C41BCB6-6A2A-4643-B8B8-6CE772AA3AD2}.EasyTest|Any CPU.Build.0 = EasyTest|Any CPU
		{1C41BCB6-6A2A-4643-B8B8-6CE772AA3AD2}.EasyTest|Itanium.ActiveCfg = EasyTest|Any CPU
		{1C41BCB6-6A2A-4643-B8B8-6CE772AA3AD2}.EasyTest|Mixed Platforms.ActiveCfg = EasyTest|Any CPU
		{1C41BCB6-6A2A-4643-B8B8-6CE772AA3AD2}.EasyTest|Mixed Platforms.Build.0 = EasyTest|Any CPU
		{1C41BCB6-6A2A-4643-B8B8-6CE772AA3AD2}.EasyTest|x86.ActiveCfg = EasyTest|Any CPU
		{1C41BCB6-6A2A-4643-B8B8-6CE772AA3AD2}.Release|Any CPU.ActiveCfg = Release|Any CPU
		{1C41BCB6-6A2A-4643-B8B8-6CE772AA3AD2}.Release|Any CPU.Build.0 = Release|Any CPU
		{1C41BCB6-6A2A-4643-B8B8-6CE772AA3AD2}.Release|Itanium.ActiveCfg = Release|Any CPU
		{1C41BCB6-6A2A-4643-B8B8-6CE772AA3AD2}.Release|Mixed Platforms.ActiveCfg = Release|Any CPU
		{1C41BCB6-6A2A-4643-B8B8-6CE772AA3AD2}.Release|Mixed Platforms.Build.0 = Release|Any CPU
		{1C41BCB6-6A2A-4643-B8B8-6CE772AA3AD2}.Release|x86.ActiveCfg = Release|Any CPU
		{39DA9514-FCE5-48F4-8DC6-F898CCC85379}.Debug|Any CPU.ActiveCfg = Debug|Any CPU
		{39DA9514-FCE5-48F4-8DC6-F898CCC85379}.Debug|Any CPU.Build.0 = Debug|Any CPU
		{39DA9514-FCE5-48F4-8DC6-F898CCC85379}.Debug|Itanium.ActiveCfg = Debug|Any CPU
		{39DA9514-FCE5-48F4-8DC6-F898CCC85379}.Debug|Mixed Platforms.ActiveCfg = Debug|Any CPU
		{39DA9514-FCE5-48F4-8DC6-F898CCC85379}.Debug|Mixed Platforms.Build.0 = Debug|Any CPU
		{39DA9514-FCE5-48F4-8DC6-F898CCC85379}.Debug|x86.ActiveCfg = Debug|Any CPU
		{39DA9514-FCE5-48F4-8DC6-F898CCC85379}.EasyTest|Any CPU.ActiveCfg = EasyTest|Any CPU
		{39DA9514-FCE5-48F4-8DC6-F898CCC85379}.EasyTest|Any CPU.Build.0 = EasyTest|Any CPU
		{39DA9514-FCE5-48F4-8DC6-F898CCC85379}.EasyTest|Itanium.ActiveCfg = EasyTest|Any CPU
		{39DA9514-FCE5-48F4-8DC6-F898CCC85379}.EasyTest|Mixed Platforms.ActiveCfg = EasyTest|Any CPU
		{39DA9514-FCE5-48F4-8DC6-F898CCC85379}.EasyTest|Mixed Platforms.Build.0 = EasyTest|Any CPU
		{39DA9514-FCE5-48F4-8DC6-F898CCC85379}.EasyTest|x86.ActiveCfg = EasyTest|Any CPU
		{39DA9514-FCE5-48F4-8DC6-F898CCC85379}.Release|Any CPU.ActiveCfg = Release|Any CPU
		{39DA9514-FCE5-48F4-8DC6-F898CCC85379}.Release|Any CPU.Build.0 = Release|Any CPU
		{39DA9514-FCE5-48F4-8DC6-F898CCC85379}.Release|Itanium.ActiveCfg = Release|Any CPU
		{39DA9514-FCE5-48F4-8DC6-F898CCC85379}.Release|Mixed Platforms.ActiveCfg = Release|Any CPU
		{39DA9514-FCE5-48F4-8DC6-F898CCC85379}.Release|Mixed Platforms.Build.0 = Release|Any CPU
		{39DA9514-FCE5-48F4-8DC6-F898CCC85379}.Release|x86.ActiveCfg = Release|Any CPU
		{CAC84FDE-849B-4525-8A73-76CA3A7699D2}.Debug|Any CPU.ActiveCfg = Debug|Any CPU
		{CAC84FDE-849B-4525-8A73-76CA3A7699D2}.Debug|Any CPU.Build.0 = Debug|Any CPU
		{CAC84FDE-849B-4525-8A73-76CA3A7699D2}.Debug|Itanium.ActiveCfg = Debug|Any CPU
		{CAC84FDE-849B-4525-8A73-76CA3A7699D2}.Debug|Mixed Platforms.ActiveCfg = Debug|Any CPU
		{CAC84FDE-849B-4525-8A73-76CA3A7699D2}.Debug|Mixed Platforms.Build.0 = Debug|Any CPU
		{CAC84FDE-849B-4525-8A73-76CA3A7699D2}.Debug|x86.ActiveCfg = Debug|Any CPU
		{CAC84FDE-849B-4525-8A73-76CA3A7699D2}.EasyTest|Any CPU.ActiveCfg = EasyTest|Any CPU
		{CAC84FDE-849B-4525-8A73-76CA3A7699D2}.EasyTest|Any CPU.Build.0 = EasyTest|Any CPU
		{CAC84FDE-849B-4525-8A73-76CA3A7699D2}.EasyTest|Itanium.ActiveCfg = EasyTest|Any CPU
		{CAC84FDE-849B-4525-8A73-76CA3A7699D2}.EasyTest|Mixed Platforms.ActiveCfg = EasyTest|Any CPU
		{CAC84FDE-849B-4525-8A73-76CA3A7699D2}.EasyTest|Mixed Platforms.Build.0 = EasyTest|Any CPU
		{CAC84FDE-849B-4525-8A73-76CA3A7699D2}.EasyTest|x86.ActiveCfg = EasyTest|Any CPU
		{CAC84FDE-849B-4525-8A73-76CA3A7699D2}.Release|Any CPU.ActiveCfg = Release|Any CPU
		{CAC84FDE-849B-4525-8A73-76CA3A7699D2}.Release|Any CPU.Build.0 = Release|Any CPU
		{CAC84FDE-849B-4525-8A73-76CA3A7699D2}.Release|Itanium.ActiveCfg = Release|Any CPU
		{CAC84FDE-849B-4525-8A73-76CA3A7699D2}.Release|Mixed Platforms.ActiveCfg = Release|Any CPU
		{CAC84FDE-849B-4525-8A73-76CA3A7699D2}.Release|Mixed Platforms.Build.0 = Release|Any CPU
		{CAC84FDE-849B-4525-8A73-76CA3A7699D2}.Release|x86.ActiveCfg = Release|Any CPU
		{3AC3FDD6-CEA9-464F-8EE7-1E70F99DFE90}.Debug|Any CPU.ActiveCfg = Debug|Any CPU
		{3AC3FDD6-CEA9-464F-8EE7-1E70F99DFE90}.Debug|Any CPU.Build.0 = Debug|Any CPU
		{3AC3FDD6-CEA9-464F-8EE7-1E70F99DFE90}.Debug|Itanium.ActiveCfg = Debug|Any CPU
		{3AC3FDD6-CEA9-464F-8EE7-1E70F99DFE90}.Debug|Mixed Platforms.ActiveCfg = Debug|Any CPU
		{3AC3FDD6-CEA9-464F-8EE7-1E70F99DFE90}.Debug|Mixed Platforms.Build.0 = Debug|Any CPU
		{3AC3FDD6-CEA9-464F-8EE7-1E70F99DFE90}.Debug|x86.ActiveCfg = Debug|Any CPU
		{3AC3FDD6-CEA9-464F-8EE7-1E70F99DFE90}.EasyTest|Any CPU.ActiveCfg = EasyTest|Any CPU
		{3AC3FDD6-CEA9-464F-8EE7-1E70F99DFE90}.EasyTest|Any CPU.Build.0 = EasyTest|Any CPU
		{3AC3FDD6-CEA9-464F-8EE7-1E70F99DFE90}.EasyTest|Itanium.ActiveCfg = EasyTest|Any CPU
		{3AC3FDD6-CEA9-464F-8EE7-1E70F99DFE90}.EasyTest|Mixed Platforms.ActiveCfg = EasyTest|Any CPU
		{3AC3FDD6-CEA9-464F-8EE7-1E70F99DFE90}.EasyTest|Mixed Platforms.Build.0 = EasyTest|Any CPU
		{3AC3FDD6-CEA9-464F-8EE7-1E70F99DFE90}.EasyTest|x86.ActiveCfg = EasyTest|Any CPU
		{3AC3FDD6-CEA9-464F-8EE7-1E70F99DFE90}.Release|Any CPU.ActiveCfg = Release|Any CPU
		{3AC3FDD6-CEA9-464F-8EE7-1E70F99DFE90}.Release|Any CPU.Build.0 = Release|Any CPU
		{3AC3FDD6-CEA9-464F-8EE7-1E70F99DFE90}.Release|Itanium.ActiveCfg = Release|Any CPU
		{3AC3FDD6-CEA9-464F-8EE7-1E70F99DFE90}.Release|Mixed Platforms.ActiveCfg = Release|Any CPU
		{3AC3FDD6-CEA9-464F-8EE7-1E70F99DFE90}.Release|Mixed Platforms.Build.0 = Release|Any CPU
		{3AC3FDD6-CEA9-464F-8EE7-1E70F99DFE90}.Release|x86.ActiveCfg = Release|Any CPU
		{54F15076-3C1D-4923-A5C7-5E947E5AC003}.Debug|Any CPU.ActiveCfg = Debug|Any CPU
		{54F15076-3C1D-4923-A5C7-5E947E5AC003}.Debug|Any CPU.Build.0 = Debug|Any CPU
		{54F15076-3C1D-4923-A5C7-5E947E5AC003}.Debug|Itanium.ActiveCfg = Debug|Any CPU
		{54F15076-3C1D-4923-A5C7-5E947E5AC003}.Debug|Mixed Platforms.ActiveCfg = Debug|Any CPU
		{54F15076-3C1D-4923-A5C7-5E947E5AC003}.Debug|Mixed Platforms.Build.0 = Debug|Any CPU
		{54F15076-3C1D-4923-A5C7-5E947E5AC003}.Debug|x86.ActiveCfg = Debug|Any CPU
		{54F15076-3C1D-4923-A5C7-5E947E5AC003}.EasyTest|Any CPU.ActiveCfg = Release|Any CPU
		{54F15076-3C1D-4923-A5C7-5E947E5AC003}.EasyTest|Any CPU.Build.0 = Release|Any CPU
		{54F15076-3C1D-4923-A5C7-5E947E5AC003}.EasyTest|Itanium.ActiveCfg = Release|Any CPU
		{54F15076-3C1D-4923-A5C7-5E947E5AC003}.EasyTest|Mixed Platforms.ActiveCfg = Release|Any CPU
		{54F15076-3C1D-4923-A5C7-5E947E5AC003}.EasyTest|Mixed Platforms.Build.0 = Release|Any CPU
		{54F15076-3C1D-4923-A5C7-5E947E5AC003}.EasyTest|x86.ActiveCfg = Release|Any CPU
		{54F15076-3C1D-4923-A5C7-5E947E5AC003}.Release|Any CPU.ActiveCfg = Release|Any CPU
		{54F15076-3C1D-4923-A5C7-5E947E5AC003}.Release|Any CPU.Build.0 = Release|Any CPU
		{54F15076-3C1D-4923-A5C7-5E947E5AC003}.Release|Itanium.ActiveCfg = Release|Any CPU
		{54F15076-3C1D-4923-A5C7-5E947E5AC003}.Release|Mixed Platforms.ActiveCfg = Release|Any CPU
		{54F15076-3C1D-4923-A5C7-5E947E5AC003}.Release|Mixed Platforms.Build.0 = Release|Any CPU
		{54F15076-3C1D-4923-A5C7-5E947E5AC003}.Release|x86.ActiveCfg = Release|Any CPU
		{95D4AE75-01CF-443A-9767-E4E765AD60D1}.Debug|Any CPU.ActiveCfg = Debug|Any CPU
		{95D4AE75-01CF-443A-9767-E4E765AD60D1}.Debug|Any CPU.Build.0 = Debug|Any CPU
		{95D4AE75-01CF-443A-9767-E4E765AD60D1}.Debug|Itanium.ActiveCfg = Debug|Any CPU
		{95D4AE75-01CF-443A-9767-E4E765AD60D1}.Debug|Mixed Platforms.ActiveCfg = Debug|Any CPU
		{95D4AE75-01CF-443A-9767-E4E765AD60D1}.Debug|Mixed Platforms.Build.0 = Debug|Any CPU
		{95D4AE75-01CF-443A-9767-E4E765AD60D1}.Debug|x86.ActiveCfg = Debug|Any CPU
		{95D4AE75-01CF-443A-9767-E4E765AD60D1}.EasyTest|Any CPU.ActiveCfg = Release|Any CPU
		{95D4AE75-01CF-443A-9767-E4E765AD60D1}.EasyTest|Any CPU.Build.0 = Release|Any CPU
		{95D4AE75-01CF-443A-9767-E4E765AD60D1}.EasyTest|Itanium.ActiveCfg = Release|Any CPU
		{95D4AE75-01CF-443A-9767-E4E765AD60D1}.EasyTest|Mixed Platforms.ActiveCfg = Release|Any CPU
		{95D4AE75-01CF-443A-9767-E4E765AD60D1}.EasyTest|Mixed Platforms.Build.0 = Release|Any CPU
		{95D4AE75-01CF-443A-9767-E4E765AD60D1}.EasyTest|x86.ActiveCfg = Release|Any CPU
		{95D4AE75-01CF-443A-9767-E4E765AD60D1}.Release|Any CPU.ActiveCfg = Release|Any CPU
		{95D4AE75-01CF-443A-9767-E4E765AD60D1}.Release|Any CPU.Build.0 = Release|Any CPU
		{95D4AE75-01CF-443A-9767-E4E765AD60D1}.Release|Itanium.ActiveCfg = Release|Any CPU
		{95D4AE75-01CF-443A-9767-E4E765AD60D1}.Release|Mixed Platforms.ActiveCfg = Release|Any CPU
		{95D4AE75-01CF-443A-9767-E4E765AD60D1}.Release|Mixed Platforms.Build.0 = Release|Any CPU
		{95D4AE75-01CF-443A-9767-E4E765AD60D1}.Release|x86.ActiveCfg = Release|Any CPU
		{1CA5E854-CFDB-444C-B732-D7877AEF161D}.Debug|Any CPU.ActiveCfg = Debug|Any CPU
		{1CA5E854-CFDB-444C-B732-D7877AEF161D}.Debug|Any CPU.Build.0 = Debug|Any CPU
		{1CA5E854-CFDB-444C-B732-D7877AEF161D}.Debug|Itanium.ActiveCfg = Debug|Any CPU
		{1CA5E854-CFDB-444C-B732-D7877AEF161D}.Debug|Mixed Platforms.ActiveCfg = Debug|Any CPU
		{1CA5E854-CFDB-444C-B732-D7877AEF161D}.Debug|Mixed Platforms.Build.0 = Debug|Any CPU
		{1CA5E854-CFDB-444C-B732-D7877AEF161D}.Debug|x86.ActiveCfg = Debug|Any CPU
		{1CA5E854-CFDB-444C-B732-D7877AEF161D}.EasyTest|Any CPU.ActiveCfg = Release|Any CPU
		{1CA5E854-CFDB-444C-B732-D7877AEF161D}.EasyTest|Any CPU.Build.0 = Release|Any CPU
		{1CA5E854-CFDB-444C-B732-D7877AEF161D}.EasyTest|Itanium.ActiveCfg = Release|Any CPU
		{1CA5E854-CFDB-444C-B732-D7877AEF161D}.EasyTest|Mixed Platforms.ActiveCfg = Release|Any CPU
		{1CA5E854-CFDB-444C-B732-D7877AEF161D}.EasyTest|Mixed Platforms.Build.0 = Release|Any CPU
		{1CA5E854-CFDB-444C-B732-D7877AEF161D}.EasyTest|x86.ActiveCfg = Release|Any CPU
		{1CA5E854-CFDB-444C-B732-D7877AEF161D}.Release|Any CPU.ActiveCfg = Release|Any CPU
		{1CA5E854-CFDB-444C-B732-D7877AEF161D}.Release|Any CPU.Build.0 = Release|Any CPU
		{1CA5E854-CFDB-444C-B732-D7877AEF161D}.Release|Itanium.ActiveCfg = Release|Any CPU
		{1CA5E854-CFDB-444C-B732-D7877AEF161D}.Release|Mixed Platforms.ActiveCfg = Release|Any CPU
		{1CA5E854-CFDB-444C-B732-D7877AEF161D}.Release|Mixed Platforms.Build.0 = Release|Any CPU
		{1CA5E854-CFDB-444C-B732-D7877AEF161D}.Release|x86.ActiveCfg = Release|Any CPU
		{5A81A9A4-AF19-4479-805B-E33BC4DE8C99}.Debug|Any CPU.ActiveCfg = Debug|Any CPU
		{5A81A9A4-AF19-4479-805B-E33BC4DE8C99}.Debug|Any CPU.Build.0 = Debug|Any CPU
		{5A81A9A4-AF19-4479-805B-E33BC4DE8C99}.Debug|Itanium.ActiveCfg = Debug|Any CPU
		{5A81A9A4-AF19-4479-805B-E33BC4DE8C99}.Debug|Mixed Platforms.ActiveCfg = Debug|Any CPU
		{5A81A9A4-AF19-4479-805B-E33BC4DE8C99}.Debug|Mixed Platforms.Build.0 = Debug|Any CPU
		{5A81A9A4-AF19-4479-805B-E33BC4DE8C99}.Debug|x86.ActiveCfg = Debug|Any CPU
		{5A81A9A4-AF19-4479-805B-E33BC4DE8C99}.EasyTest|Any CPU.ActiveCfg = Release|Any CPU
		{5A81A9A4-AF19-4479-805B-E33BC4DE8C99}.EasyTest|Any CPU.Build.0 = Release|Any CPU
		{5A81A9A4-AF19-4479-805B-E33BC4DE8C99}.EasyTest|Itanium.ActiveCfg = Release|Any CPU
		{5A81A9A4-AF19-4479-805B-E33BC4DE8C99}.EasyTest|Mixed Platforms.ActiveCfg = Release|Any CPU
		{5A81A9A4-AF19-4479-805B-E33BC4DE8C99}.EasyTest|Mixed Platforms.Build.0 = Release|Any CPU
		{5A81A9A4-AF19-4479-805B-E33BC4DE8C99}.EasyTest|x86.ActiveCfg = Release|Any CPU
		{5A81A9A4-AF19-4479-805B-E33BC4DE8C99}.Release|Any CPU.ActiveCfg = Release|Any CPU
		{5A81A9A4-AF19-4479-805B-E33BC4DE8C99}.Release|Any CPU.Build.0 = Release|Any CPU
		{5A81A9A4-AF19-4479-805B-E33BC4DE8C99}.Release|Itanium.ActiveCfg = Release|Any CPU
		{5A81A9A4-AF19-4479-805B-E33BC4DE8C99}.Release|Mixed Platforms.ActiveCfg = Release|Any CPU
		{5A81A9A4-AF19-4479-805B-E33BC4DE8C99}.Release|Mixed Platforms.Build.0 = Release|Any CPU
		{5A81A9A4-AF19-4479-805B-E33BC4DE8C99}.Release|x86.ActiveCfg = Release|Any CPU
		{F89450B3-825B-400E-A83C-DA21A6391867}.Debug|Any CPU.ActiveCfg = Debug|Any CPU
		{F89450B3-825B-400E-A83C-DA21A6391867}.Debug|Any CPU.Build.0 = Debug|Any CPU
		{F89450B3-825B-400E-A83C-DA21A6391867}.Debug|Itanium.ActiveCfg = Debug|Any CPU
		{F89450B3-825B-400E-A83C-DA21A6391867}.Debug|Mixed Platforms.ActiveCfg = Debug|Any CPU
		{F89450B3-825B-400E-A83C-DA21A6391867}.Debug|Mixed Platforms.Build.0 = Debug|Any CPU
		{F89450B3-825B-400E-A83C-DA21A6391867}.Debug|x86.ActiveCfg = Debug|Any CPU
		{F89450B3-825B-400E-A83C-DA21A6391867}.EasyTest|Any CPU.ActiveCfg = Release|Any CPU
		{F89450B3-825B-400E-A83C-DA21A6391867}.EasyTest|Any CPU.Build.0 = Release|Any CPU
		{F89450B3-825B-400E-A83C-DA21A6391867}.EasyTest|Itanium.ActiveCfg = Release|Any CPU
		{F89450B3-825B-400E-A83C-DA21A6391867}.EasyTest|Mixed Platforms.ActiveCfg = Release|Any CPU
		{F89450B3-825B-400E-A83C-DA21A6391867}.EasyTest|Mixed Platforms.Build.0 = Release|Any CPU
		{F89450B3-825B-400E-A83C-DA21A6391867}.EasyTest|x86.ActiveCfg = Release|Any CPU
		{F89450B3-825B-400E-A83C-DA21A6391867}.Release|Any CPU.ActiveCfg = Release|Any CPU
		{F89450B3-825B-400E-A83C-DA21A6391867}.Release|Any CPU.Build.0 = Release|Any CPU
		{F89450B3-825B-400E-A83C-DA21A6391867}.Release|Itanium.ActiveCfg = Release|Any CPU
		{F89450B3-825B-400E-A83C-DA21A6391867}.Release|Mixed Platforms.ActiveCfg = Release|Any CPU
		{F89450B3-825B-400E-A83C-DA21A6391867}.Release|Mixed Platforms.Build.0 = Release|Any CPU
		{F89450B3-825B-400E-A83C-DA21A6391867}.Release|x86.ActiveCfg = Release|Any CPU
		{1936C8E5-0ABA-4B76-84D7-E7FFE24F3F79}.Debug|Any CPU.ActiveCfg = Debug|Any CPU
		{1936C8E5-0ABA-4B76-84D7-E7FFE24F3F79}.Debug|Any CPU.Build.0 = Debug|Any CPU
		{1936C8E5-0ABA-4B76-84D7-E7FFE24F3F79}.Debug|Itanium.ActiveCfg = Debug|Any CPU
		{1936C8E5-0ABA-4B76-84D7-E7FFE24F3F79}.Debug|Mixed Platforms.ActiveCfg = Debug|Any CPU
		{1936C8E5-0ABA-4B76-84D7-E7FFE24F3F79}.Debug|Mixed Platforms.Build.0 = Debug|Any CPU
		{1936C8E5-0ABA-4B76-84D7-E7FFE24F3F79}.Debug|x86.ActiveCfg = Debug|Any CPU
		{1936C8E5-0ABA-4B76-84D7-E7FFE24F3F79}.EasyTest|Any CPU.ActiveCfg = Release|Any CPU
		{1936C8E5-0ABA-4B76-84D7-E7FFE24F3F79}.EasyTest|Any CPU.Build.0 = Release|Any CPU
		{1936C8E5-0ABA-4B76-84D7-E7FFE24F3F79}.EasyTest|Itanium.ActiveCfg = Release|Any CPU
		{1936C8E5-0ABA-4B76-84D7-E7FFE24F3F79}.EasyTest|Mixed Platforms.ActiveCfg = Release|Any CPU
		{1936C8E5-0ABA-4B76-84D7-E7FFE24F3F79}.EasyTest|Mixed Platforms.Build.0 = Release|Any CPU
		{1936C8E5-0ABA-4B76-84D7-E7FFE24F3F79}.EasyTest|x86.ActiveCfg = Release|Any CPU
		{1936C8E5-0ABA-4B76-84D7-E7FFE24F3F79}.Release|Any CPU.ActiveCfg = Release|Any CPU
		{1936C8E5-0ABA-4B76-84D7-E7FFE24F3F79}.Release|Any CPU.Build.0 = Release|Any CPU
		{1936C8E5-0ABA-4B76-84D7-E7FFE24F3F79}.Release|Itanium.ActiveCfg = Release|Any CPU
		{1936C8E5-0ABA-4B76-84D7-E7FFE24F3F79}.Release|Mixed Platforms.ActiveCfg = Release|Any CPU
		{1936C8E5-0ABA-4B76-84D7-E7FFE24F3F79}.Release|Mixed Platforms.Build.0 = Release|Any CPU
		{1936C8E5-0ABA-4B76-84D7-E7FFE24F3F79}.Release|x86.ActiveCfg = Release|Any CPU
		{1A163A64-09C1-4073-BA5A-EAE175203704}.Debug|Any CPU.ActiveCfg = Debug|Any CPU
		{1A163A64-09C1-4073-BA5A-EAE175203704}.Debug|Any CPU.Build.0 = Debug|Any CPU
		{1A163A64-09C1-4073-BA5A-EAE175203704}.Debug|Itanium.ActiveCfg = Debug|Any CPU
		{1A163A64-09C1-4073-BA5A-EAE175203704}.Debug|Mixed Platforms.ActiveCfg = Debug|Any CPU
		{1A163A64-09C1-4073-BA5A-EAE175203704}.Debug|Mixed Platforms.Build.0 = Debug|Any CPU
		{1A163A64-09C1-4073-BA5A-EAE175203704}.Debug|x86.ActiveCfg = Debug|Any CPU
		{1A163A64-09C1-4073-BA5A-EAE175203704}.EasyTest|Any CPU.ActiveCfg = Release|Any CPU
		{1A163A64-09C1-4073-BA5A-EAE175203704}.EasyTest|Any CPU.Build.0 = Release|Any CPU
		{1A163A64-09C1-4073-BA5A-EAE175203704}.EasyTest|Itanium.ActiveCfg = Release|Any CPU
		{1A163A64-09C1-4073-BA5A-EAE175203704}.EasyTest|Mixed Platforms.ActiveCfg = Release|Any CPU
		{1A163A64-09C1-4073-BA5A-EAE175203704}.EasyTest|Mixed Platforms.Build.0 = Release|Any CPU
		{1A163A64-09C1-4073-BA5A-EAE175203704}.EasyTest|x86.ActiveCfg = Release|Any CPU
		{1A163A64-09C1-4073-BA5A-EAE175203704}.Release|Any CPU.ActiveCfg = Release|Any CPU
		{1A163A64-09C1-4073-BA5A-EAE175203704}.Release|Any CPU.Build.0 = Release|Any CPU
		{1A163A64-09C1-4073-BA5A-EAE175203704}.Release|Itanium.ActiveCfg = Release|Any CPU
		{1A163A64-09C1-4073-BA5A-EAE175203704}.Release|Mixed Platforms.ActiveCfg = Release|Any CPU
		{1A163A64-09C1-4073-BA5A-EAE175203704}.Release|Mixed Platforms.Build.0 = Release|Any CPU
		{1A163A64-09C1-4073-BA5A-EAE175203704}.Release|x86.ActiveCfg = Release|Any CPU
		{D319863F-AF49-42E4-B8B0-D54FD1EFE527}.Debug|Any CPU.ActiveCfg = Debug|Any CPU
		{D319863F-AF49-42E4-B8B0-D54FD1EFE527}.Debug|Any CPU.Build.0 = Debug|Any CPU
		{D319863F-AF49-42E4-B8B0-D54FD1EFE527}.Debug|Itanium.ActiveCfg = Debug|Itanium
		{D319863F-AF49-42E4-B8B0-D54FD1EFE527}.Debug|Itanium.Build.0 = Debug|Itanium
		{D319863F-AF49-42E4-B8B0-D54FD1EFE527}.Debug|Mixed Platforms.ActiveCfg = Debug|Itanium
		{D319863F-AF49-42E4-B8B0-D54FD1EFE527}.Debug|Mixed Platforms.Build.0 = Debug|Itanium
		{D319863F-AF49-42E4-B8B0-D54FD1EFE527}.Debug|x86.ActiveCfg = Debug|x86
		{D319863F-AF49-42E4-B8B0-D54FD1EFE527}.Debug|x86.Build.0 = Debug|x86
		{D319863F-AF49-42E4-B8B0-D54FD1EFE527}.EasyTest|Any CPU.ActiveCfg = Release|Any CPU
		{D319863F-AF49-42E4-B8B0-D54FD1EFE527}.EasyTest|Any CPU.Build.0 = Release|Any CPU
		{D319863F-AF49-42E4-B8B0-D54FD1EFE527}.EasyTest|Itanium.ActiveCfg = Release|Itanium
		{D319863F-AF49-42E4-B8B0-D54FD1EFE527}.EasyTest|Itanium.Build.0 = Release|Itanium
		{D319863F-AF49-42E4-B8B0-D54FD1EFE527}.EasyTest|Mixed Platforms.ActiveCfg = Release|Itanium
		{D319863F-AF49-42E4-B8B0-D54FD1EFE527}.EasyTest|Mixed Platforms.Build.0 = Release|Itanium
		{D319863F-AF49-42E4-B8B0-D54FD1EFE527}.EasyTest|x86.ActiveCfg = Release|Itanium
		{D319863F-AF49-42E4-B8B0-D54FD1EFE527}.Release|Any CPU.ActiveCfg = Release|Any CPU
		{D319863F-AF49-42E4-B8B0-D54FD1EFE527}.Release|Any CPU.Build.0 = Release|Any CPU
		{D319863F-AF49-42E4-B8B0-D54FD1EFE527}.Release|Itanium.ActiveCfg = Release|Itanium
		{D319863F-AF49-42E4-B8B0-D54FD1EFE527}.Release|Itanium.Build.0 = Release|Itanium
		{D319863F-AF49-42E4-B8B0-D54FD1EFE527}.Release|Mixed Platforms.ActiveCfg = Release|Any CPU
		{D319863F-AF49-42E4-B8B0-D54FD1EFE527}.Release|Mixed Platforms.Build.0 = Release|Any CPU
		{D319863F-AF49-42E4-B8B0-D54FD1EFE527}.Release|x86.ActiveCfg = Release|x86
		{D319863F-AF49-42E4-B8B0-D54FD1EFE527}.Release|x86.Build.0 = Release|x86
		{713C739C-E8C6-4A0F-BE74-200B113BEAFA}.Debug|Any CPU.ActiveCfg = Debug|Any CPU
		{713C739C-E8C6-4A0F-BE74-200B113BEAFA}.Debug|Any CPU.Build.0 = Debug|Any CPU
		{713C739C-E8C6-4A0F-BE74-200B113BEAFA}.Debug|Itanium.ActiveCfg = Debug|Any CPU
		{713C739C-E8C6-4A0F-BE74-200B113BEAFA}.Debug|Mixed Platforms.ActiveCfg = Debug|Any CPU
		{713C739C-E8C6-4A0F-BE74-200B113BEAFA}.Debug|Mixed Platforms.Build.0 = Debug|Any CPU
		{713C739C-E8C6-4A0F-BE74-200B113BEAFA}.Debug|x86.ActiveCfg = Debug|Any CPU
		{713C739C-E8C6-4A0F-BE74-200B113BEAFA}.EasyTest|Any CPU.ActiveCfg = Release|Any CPU
		{713C739C-E8C6-4A0F-BE74-200B113BEAFA}.EasyTest|Any CPU.Build.0 = Release|Any CPU
		{713C739C-E8C6-4A0F-BE74-200B113BEAFA}.EasyTest|Itanium.ActiveCfg = Release|Any CPU
		{713C739C-E8C6-4A0F-BE74-200B113BEAFA}.EasyTest|Mixed Platforms.ActiveCfg = Release|Any CPU
		{713C739C-E8C6-4A0F-BE74-200B113BEAFA}.EasyTest|Mixed Platforms.Build.0 = Release|Any CPU
		{713C739C-E8C6-4A0F-BE74-200B113BEAFA}.EasyTest|x86.ActiveCfg = Release|Any CPU
		{713C739C-E8C6-4A0F-BE74-200B113BEAFA}.Release|Any CPU.ActiveCfg = Release|Any CPU
		{713C739C-E8C6-4A0F-BE74-200B113BEAFA}.Release|Any CPU.Build.0 = Release|Any CPU
		{713C739C-E8C6-4A0F-BE74-200B113BEAFA}.Release|Itanium.ActiveCfg = Release|Any CPU
		{713C739C-E8C6-4A0F-BE74-200B113BEAFA}.Release|Mixed Platforms.ActiveCfg = Release|Any CPU
		{713C739C-E8C6-4A0F-BE74-200B113BEAFA}.Release|Mixed Platforms.Build.0 = Release|Any CPU
		{713C739C-E8C6-4A0F-BE74-200B113BEAFA}.Release|x86.ActiveCfg = Release|Any CPU
		{7F5DB605-38C2-4F11-8FFA-5B6BAB1F309C}.Debug|Any CPU.ActiveCfg = Debug|Any CPU
		{7F5DB605-38C2-4F11-8FFA-5B6BAB1F309C}.Debug|Any CPU.Build.0 = Debug|Any CPU
		{7F5DB605-38C2-4F11-8FFA-5B6BAB1F309C}.Debug|Itanium.ActiveCfg = Debug|Any CPU
		{7F5DB605-38C2-4F11-8FFA-5B6BAB1F309C}.Debug|Mixed Platforms.ActiveCfg = Debug|Any CPU
		{7F5DB605-38C2-4F11-8FFA-5B6BAB1F309C}.Debug|Mixed Platforms.Build.0 = Debug|Any CPU
		{7F5DB605-38C2-4F11-8FFA-5B6BAB1F309C}.Debug|x86.ActiveCfg = Debug|Any CPU
		{7F5DB605-38C2-4F11-8FFA-5B6BAB1F309C}.EasyTest|Any CPU.ActiveCfg = Release|Any CPU
		{7F5DB605-38C2-4F11-8FFA-5B6BAB1F309C}.EasyTest|Any CPU.Build.0 = Release|Any CPU
		{7F5DB605-38C2-4F11-8FFA-5B6BAB1F309C}.EasyTest|Itanium.ActiveCfg = Release|Any CPU
		{7F5DB605-38C2-4F11-8FFA-5B6BAB1F309C}.EasyTest|Mixed Platforms.ActiveCfg = Release|Any CPU
		{7F5DB605-38C2-4F11-8FFA-5B6BAB1F309C}.EasyTest|Mixed Platforms.Build.0 = Release|Any CPU
		{7F5DB605-38C2-4F11-8FFA-5B6BAB1F309C}.EasyTest|x86.ActiveCfg = Release|Any CPU
		{7F5DB605-38C2-4F11-8FFA-5B6BAB1F309C}.Release|Any CPU.ActiveCfg = Release|Any CPU
		{7F5DB605-38C2-4F11-8FFA-5B6BAB1F309C}.Release|Any CPU.Build.0 = Release|Any CPU
		{7F5DB605-38C2-4F11-8FFA-5B6BAB1F309C}.Release|Itanium.ActiveCfg = Release|Any CPU
		{7F5DB605-38C2-4F11-8FFA-5B6BAB1F309C}.Release|Mixed Platforms.ActiveCfg = Release|Any CPU
		{7F5DB605-38C2-4F11-8FFA-5B6BAB1F309C}.Release|Mixed Platforms.Build.0 = Release|Any CPU
		{7F5DB605-38C2-4F11-8FFA-5B6BAB1F309C}.Release|x86.ActiveCfg = Release|Any CPU
	EndGlobalSection
	GlobalSection(SolutionProperties) = preSolution
		HideSolutionNode = FALSE
	EndGlobalSection
EndGlobal
